
Microsoft Visual Studio Solution File, Format Version 12.00
# Visual Studio Version 17
VisualStudioVersion = 17.3.32825.248
MinimumVisualStudioVersion = 10.0.40219.1
Project("{FAE04EC0-301F-11D3-BF4B-00C04F79EFBC}") = "LAB52023", "LAB52023\LAB52023.csproj", "{BF99FC79-9FCC-46A6-9260-2804D17E4336}"
EndProject
Global
	GlobalSection(SolutionConfigurationPlatforms) = preSolution
		Debug|Any CPU = Debug|Any CPU
		Release|Any CPU = Release|Any CPU
	EndGlobalSection
	GlobalSection(ProjectConfigurationPlatforms) = postSolution
		{BF99FC79-9FCC-46A6-9260-2804D17E4336}.Debug|Any CPU.ActiveCfg = Debug|Any CPU
		{BF99FC79-9FCC-46A6-9260-2804D17E4336}.Debug|Any CPU.Build.0 = Debug|Any CPU
		{BF99FC79-9FCC-46A6-9260-2804D17E4336}.Release|Any CPU.ActiveCfg = Release|Any CPU
		{BF99FC79-9FCC-46A6-9260-2804D17E4336}.Release|Any CPU.Build.0 = Release|Any CPU
	EndGlobalSection
	GlobalSection(SolutionProperties) = preSolution
		HideSolutionNode = FALSE
	EndGlobalSection
	GlobalSection(ExtensibilityGlobals) = postSolution
		SolutionGuid = {B164490B-5E63-4921-86C8-2DB118E97EE7}
	EndGlobalSection
EndGlobal
